{
  "name": "svelte-final-form",
  "requires": true,
  "lockfileVersion": 1,
  "dependencies": {
    "@babel/runtime": {
      "version": "7.9.2",
      "resolved": "https://registry.npmjs.org/@babel/runtime/-/runtime-7.9.2.tgz",
      "integrity": "sha512-NE2DtOdufG7R5vnfQUTehdTfNycfUANEtCa9PssN9O/xmTzP4E08UI797ixaei6hBEVL9BI/PsdJS5x7mWoB9Q==",
      "dev": true,
      "requires": {
        "regenerator-runtime": "^0.13.4"
      }
    },
    "final-form": {
      "version": "4.19.1",
      "resolved": "https://registry.npmjs.org/final-form/-/final-form-4.19.1.tgz",
      "integrity": "sha512-C4RldRCUs8YZod91ydtrsT+TOeG3fwU4ip9oBDXhvbWdQ6iXl4cIrTAQkqpWijbnI3XFVA0akV7YTjSFJMJ2uw==",
      "dev": true,
      "requires": {
        "@babel/runtime": "^7.8.3"
      }
    },
    "regenerator-runtime": {
      "version": "0.13.5",
      "resolved": "https://registry.npmjs.org/regenerator-runtime/-/regenerator-runtime-0.13.5.tgz",
      "integrity": "sha512-ZS5w8CpKFinUzOwW3c83oPeVXoNsrLsaCoLtJvAClH135j/R77RuymhiSErhm2lKcwSCIpmvIWSbDkIfAqKQlA==",
      "dev": true
    }
  }
}
